# THIS IS AN AUTOGENERATED FILE. DO NOT EDIT THIS FILE DIRECTLY.
# yarn lockfile v1


"@types/ramda@^0.30.2":
  version "0.30.2"
  resolved "https://registry.yarnpkg.com/@types/ramda/-/ramda-0.30.2.tgz#70661b20c1bb969589a551b7134ae75008ffbfb6"
  integrity sha512-PyzHvjCalm2BRYjAU6nIB3TprYwMNOUY/7P/N8bSzp9W/yM2YrtGtAnnVtaCNSeOZ8DzKyFDvaqQs7LnWwwmBA==
  dependencies:
    types-ramda "^0.30.1"

ts-toolbelt@^9.6.0:
  version "9.6.0"
  resolved "https://registry.yarnpkg.com/ts-toolbelt/-/ts-toolbelt-9.6.0.tgz#50a25426cfed500d4a09bd1b3afb6f28879edfd5"
  integrity sha512-nsZd8ZeNUzukXPlJmTBwUAuABDe/9qtVDelJeT/qW0ow3ZS3BsQJtNkan1802aM9Uf68/Y8ljw86Hu0h5IUW3w==

types-ramda@^0.30.1:
  version "0.30.1"
  resolved "https://registry.yarnpkg.com/types-ramda/-/types-ramda-0.30.1.tgz#03d255128e3696aeaac76281ca19949e01dddc78"
  integrity sha512-1HTsf5/QVRmLzcGfldPFvkVsAdi1db1BBKzi7iW3KBUlOICg/nKnFS+jGqDJS3YD8VsWbAh7JiHeBvbsw8RPxA==
  dependencies:
    ts-toolbelt "^9.6.0"
